// !$*UTF8*$!
{
	archiveVersion = 1;
	classes = {
	};
	objectVersion = 46;
	objects = {

/* Begin PBXBuildFile section */
		DAD4FFD419554C9600A29B9D /* AppDelegate.swift in Sources */ = {isa = PBXBuildFile; fileRef = DAD4FFD319554C9600A29B9D /* AppDelegate.swift */; };
		DAD4FFD619554C9600A29B9D /* Images.xcassets in Resources */ = {isa = PBXBuildFile; fileRef = DAD4FFD519554C9600A29B9D /* Images.xcassets */; };
		DAD4FFE219554C9600A29B9D /* BNRHypnosister_SwiftTests.swift in Sources */ = {isa = PBXBuildFile; fileRef = DAD4FFE119554C9600A29B9D /* BNRHypnosister_SwiftTests.swift */; };
/* End PBXBuildFile section */

/* Begin PBXContainerItemProxy section */
		DAD4FFDC19554C9600A29B9D /* PBXContainerItemProxy */ = {
			isa = PBXContainerItemProxy;
			containerPortal = DAD4FFC619554C9600A29B9D /* Project object */;
			proxyType = 1;
			remoteGlobalIDString = DAD4FFCD19554C9600A29B9D;
			remoteInfo = "BNRHypnosister-Swift";
		};
/* End PBXContainerItemProxy section */

/* Begin PBXFileReference section */
		DAD4FFCE19554C9600A29B9D /* BNRHypnosister-Swift.app */ = {isa = PBXFileReference; explicitFileType = wrapper.application; includeInIndex = 0; path = "BNRHypnosister-Swift.app"; sourceTree = BUILT_PRODUCTS_DIR; };
		DAD4FFD219554C9600A29B9D /* Info.plist */ = {isa = PBXFileReference; lastKnownFileType = text.plist.xml; path = Info.plist; sourceTree = "<group>"; };
		DAD4FFD319554C9600A29B9D /* AppDelegate.swift */ = {isa = PBXFileReference; lastKnownFileType = sourcecode.swift; path = AppDelegate.swift; sourceTree = "<group>"; };
		DAD4FFD519554C9600A29B9D /* Images.xcassets */ = {isa = PBXFileReference; lastKnownFileType = folder.assetcatalog; path = Images.xcassets; sourceTree = "<group>"; };
		DAD4FFDB19554C9600A29B9D /* BNRHypnosister-SwiftTests.xctest */ = {isa = PBXFileReference; explicitFileType = wrapper.cfbundle; includeInIndex = 0; path = "BNRHypnosister-SwiftTests.xctest"; sourceTree = BUILT_PRODUCTS_DIR; };
		DAD4FFE019554C9600A29B9D /* Info.plist */ = {isa = PBXFileReference; lastKnownFileType = text.plist.xml; path = Info.plist; sourceTree = "<group>"; };
		DAD4FFE119554C9600A29B9D /* BNRHypnosister_SwiftTests.swift */ = {isa = PBXFileReference; lastKnownFileType = sourcecode.swift; path = BNRHypnosister_SwiftTests.swift; sourceTree = "<group>"; };
/* End PBXFileReference section */

/* Begin PBXFrameworksBuildPhase section */
		DAD4FFCB19554C9600A29B9D /* Frameworks */ = {
			isa = PBXFrameworksBuildPhase;
			buildActionMask = 2147483647;
			files = (
			);
			runOnlyForDeploymentPostprocessing = 0;
		};
		DAD4FFD819554C9600A29B9D /* Frameworks */ = {
			isa = PBXFrameworksBuildPhase;
			buildActionMask = 2147483647;
			files = (
			);
			runOnlyForDeploymentPostprocessing = 0;
		};
/* End PBXFrameworksBuildPhase section */

/* Begin PBXGroup section */
		DAD4FFC519554C9600A29B9D = {
			isa = PBXGroup;
			children = (
				DAD4FFD019554C9600A29B9D /* BNRHypnosister-Swift */,
				DAD4FFDE19554C9600A29B9D /* BNRHypnosister-SwiftTests */,
				DAD4FFCF19554C9600A29B9D /* Products */,
			);
			sourceTree = "<group>";
		};
		DAD4FFCF19554C9600A29B9D /* Products */ = {
			isa = PBXGroup;
			children = (
				DAD4FFCE19554C9600A29B9D /* BNRHypnosister-Swift.app */,
				DAD4FFDB19554C9600A29B9D /* BNRHypnosister-SwiftTests.xctest */,
			);
			name = Products;
			sourceTree = "<group>";
		};
		DAD4FFD019554C9600A29B9D /* BNRHypnosister-Swift */ = {
			isa = PBXGroup;
			children = (
				DAD4FFD319554C9600A29B9D /* AppDelegate.swift */,
				DAD4FFD519554C9600A29B9D /* Images.xcassets */,
				DAD4FFD119554C9600A29B9D /* Supporting Files */,
			);
			path = "BNRHypnosister-Swift";
			sourceTree = "<group>";
		};
		DAD4FFD119554C9600A29B9D /* Supporting Files */ = {
			isa = PBXGroup;
			children = (
				DAD4FFD219554C9600A29B9D /* Info.plist */,
			);
			name = "Supporting Files";
			sourceTree = "<group>";
		};
		DAD4FFDE19554C9600A29B9D /* BNRHypnosister-SwiftTests */ = {
			isa = PBXGroup;
			children = (
				DAD4FFE119554C9600A29B9D /* BNRHypnosister_SwiftTests.swift */,
				DAD4FFDF19554C9600A29B9D /* Supporting Files */,
			);
			path = "BNRHypnosister-SwiftTests";
			sourceTree = "<group>";
		};
		DAD4FFDF19554C9600A29B9D /* Supporting Files */ = {
			isa = PBXGroup;
			children = (
				DAD4FFE019554C9600A29B9D /* Info.plist */,
			);
			name = "Supporting Files";
			sourceTree = "<group>";
		};
/* End PBXGroup section */

/* Begin PBXNativeTarget section */
		DAD4FFCD19554C9600A29B9D /* BNRHypnosister-Swift */ = {
			isa = PBXNativeTarget;
			buildConfigurationList = DAD4FFE519554C9600A29B9D /* Build configuration list for PBXNativeTarget "BNRHypnosister-Swift" */;
			buildPhases = (
				DAD4FFCA19554C9600A29B9D /* Sources */,
				DAD4FFCB19554C9600A29B9D /* Frameworks */,
				DAD4FFCC19554C9600A29B9D /* Resources */,
			);
			buildRules = (
			);
			dependencies = (
			);
			name = "BNRHypnosister-Swift";
			productName = "BNRHypnosister-Swift";
			productReference = DAD4FFCE19554C9600A29B9D /* BNRHypnosister-Swift.app */;
			productType = "com.apple.product-type.application";
		};
		DAD4FFDA19554C9600A29B9D /* BNRHypnosister-SwiftTests */ = {
			isa = PBXNativeTarget;
			buildConfigurationList = DAD4FFE819554C9600A29B9D /* Build configuration list for PBXNativeTarget "BNRHypnosister-SwiftTests" */;
			buildPhases = (
				DAD4FFD719554C9600A29B9D /* Sources */,
				DAD4FFD819554C9600A29B9D /* Frameworks */,
				DAD4FFD919554C9600A29B9D /* Resources */,
			);
			buildRules = (
			);
			dependencies = (
				DAD4FFDD19554C9600A29B9D /* PBXTargetDependency */,
			);
			name = "BNRHypnosister-SwiftTests";
			productName = "BNRHypnosister-SwiftTests";
			productReference = DAD4FFDB19554C9600A29B9D /* BNRHypnosister-SwiftTests.xctest */;
			productType = "com.apple.product-type.bundle.unit-test";
		};
/* End PBXNativeTarget section */

/* Begin PBXProject section */
		DAD4FFC619554C9600A29B9D /* Project object */ = {
			isa = PBXProject;
			attributes = {
				LastUpgradeCheck = 0600;
				ORGANIZATIONNAME = "Paul Yu";
				TargetAttributes = {
					DAD4FFCD19554C9600A29B9D = {
						CreatedOnToolsVersion = 6.0;
					};
					DAD4FFDA19554C9600A29B9D = {
						CreatedOnToolsVersion = 6.0;
						TestTargetID = DAD4FFCD19554C9600A29B9D;
					};
				};
			};
			buildConfigurationList = DAD4FFC919554C9600A29B9D /* Build configuration list for PBXProject "BNRHypnosister-Swift" */;
			compatibilityVersion = "Xcode 3.2";
			developmentRegion = English;
			hasScannedForEncodings = 0;
			knownRegions = (
				en,
			);
			mainGroup = DAD4FFC519554C9600A29B9D;
			productRefGroup = DAD4FFCF19554C9600A29B9D /* Products */;
			projectDirPath = "";
			projectRoot = "";
			targets = (
				DAD4FFCD19554C9600A29B9D /* BNRHypnosister-Swift */,
				DAD4FFDA19554C9600A29B9D /* BNRHypnosister-SwiftTests */,
			);
		};
/* End PBXProject section */

/* Begin PBXResourcesBuildPhase section */
		DAD4FFCC19554C9600A29B9D /* Resources */ = {
			isa = PBXResourcesBuildPhase;
			buildActionMask = 2147483647;
			files = (
				DAD4FFD619554C9600A29B9D /* Images.xcassets in Resources */,
			);
			runOnlyForDeploymentPostprocessing = 0;
		};
		DAD4FFD919554C9600A29B9D /* Resources */ = {
			isa = PBXResourcesBuildPhase;
			buildActionMask = 2147483647;
			files = (
			);
			runOnlyForDeploymentPostprocessing = 0;
		};
/* End PBXResourcesBuildPhase section */

/* Begin PBXSourcesBuildPhase section */
		DAD4FFCA19554C9600A29B9D /* Sources */ = {
			isa = PBXSourcesBuildPhase;
			buildActionMask = 2147483647;
			files = (
				DAD4FFD419554C9600A29B9D /* AppDelegate.swift in Sources */,
			);
			runOnlyForDeploymentPostprocessing = 0;
		};
		DAD4FFD719554C9600A29B9D /* Sources */ = {
			isa = PBXSourcesBuildPhase;
			buildActionMask = 2147483647;
			files = (
				DAD4FFE219554C9600A29B9D /* BNRHypnosister_SwiftTests.swift in Sources */,
			);
			runOnlyForDeploymentPostprocessing = 0;
		};
/* End PBXSourcesBuildPhase section */

/* Begin PBXTargetDependency section */
		DAD4FFDD19554C9600A29B9D /* PBXTargetDependency */ = {
			isa = PBXTargetDependency;
			target = DAD4FFCD19554C9600A29B9D /* BNRHypnosister-Swift */;
			targetProxy = DAD4FFDC19554C9600A29B9D /* PBXContainerItemProxy */;
		};
/* End PBXTargetDependency section */

/* Begin XCBuildConfiguration section */
		DAD4FFE319554C9600A29B9D /* Debug */ = {
			isa = XCBuildConfiguration;
			buildSettings = {
				ALWAYS_SEARCH_USER_PATHS = NO;
				CLANG_CXX_LANGUAGE_STANDARD = "gnu++0x";
				CLANG_CXX_LIBRARY = "libc++";
				CLANG_ENABLE_MODULES = YES;
				CLANG_ENABLE_OBJC_ARC = YES;
				CLANG_WARN_BOOL_CONVERSION = YES;
				CLANG_WARN_CONSTANT_CONVERSION = YES;
				CLANG_WARN_DIRECT_OBJC_ISA_USAGE = YES_ERROR;
				CLANG_WARN_EMPTY_BODY = YES;
				CLANG_WARN_ENUM_CONVERSION = YES;
				CLANG_WARN_INT_CONVERSION = YES;
				CLANG_WARN_OBJC_ROOT_CLASS = YES_ERROR;
				CLANG_WARN_UNREACHABLE_CODE = YES;
				CLANG_WARN__DUPLICATE_METHOD_MATCH = YES;
				"CODE_SIGN_IDENTITY[sdk=iphoneos*]" = "iPhone Developer";
				COPY_PHASE_STRIP = NO;
				ENABLE_STRICT_OBJC_MSGSEND = YES;
				GCC_C_LANGUAGE_STANDARD = gnu99;
				GCC_DYNAMIC_NO_PIC = NO;
				GCC_OPTIMIZATION_LEVEL = 0;
				GCC_PREPROCESSOR_DEFINITIONS = (
					"DEBUG=1",
					"$(inherited)",
				);
				GCC_SYMBOLS_PRIVATE_EXTERN = NO;
				GCC_WARN_64_TO_32_BIT_CONVERSION = YES;
				GCC_WARN_ABOUT_RETURN_TYPE = YES_ERROR;
				GCC_WARN_UNDECLARED_SELECTOR = YES;
				GCC_WARN_UNINITIALIZED_AUTOS = YES_AGGRESSIVE;
				GCC_WARN_UNUSED_FUNCTION = YES;
				GCC_WARN_UNUSED_VARIABLE = YES;
				IPHONEOS_DEPLOYMENT_TARGET = 8.0;
				METAL_ENABLE_DEBUG_INFO = YES;
				ONLY_ACTIVE_ARCH = YES;
				SDKROOT = iphoneos;
				SWIFT_OPTIMIZATION_LEVEL = "-Onone";
				TARGETED_DEVICE_FAMILY = "1,2";
			};
			name = Debug;
		};
		DAD4FFE419554C9600A29B9D /* Release */ = {
			isa = XCBuildConfiguration;
			buildSettings = {
				ALWAYS_SEARCH_USER_PATHS = NO;
				CLANG_CXX_LANGUAGE_STANDARD = "gnu++0x";
				CLANG_CXX_LIBRARY = "libc++";
				CLANG_ENABLE_MODULES = YES;
				CLANG_ENABLE_OBJC_ARC = YES;
				CLANG_WARN_BOOL_CONVERSION = YES;
				CLANG_WARN_CONSTANT_CONVERSION = YES;
				CLANG_WARN_DIRECT_OBJC_ISA_USAGE = YES_ERROR;
				CLANG_WARN_EMPTY_BODY = YES;
				CLANG_WARN_ENUM_CONVERSION = YES;
				CLANG_WARN_INT_CONVERSION = YES;
				CLANG_WARN_OBJC_ROOT_CLASS = YES_ERROR;
				CLANG_WARN_UNREACHABLE_CODE = YES;
				CLANG_WARN__DUPLICATE_METHOD_MATCH = YES;
				"CODE_SIGN_IDENTITY[sdk=iphoneos*]" = "iPhone Developer";
				COPY_PHASE_STRIP = YES;
				ENABLE_NS_ASSERTIONS = NO;
				ENABLE_STRICT_OBJC_MSGSEND = YES;
				GCC_C_LANGUAGE_STANDARD = gnu99;
				GCC_WARN_64_TO_32_BIT_CONVERSION = YES;
				GCC_WARN_ABOUT_RETURN_TYPE = YES_ERROR;
				GCC_WARN_UNDECLARED_SELECTOR = YES;
				GCC_WARN_UNINITIALIZED_AUTOS = YES_AGGRESSIVE;
				GCC_WARN_UNUSED_FUNCTION = YES;
				GCC_WARN_UNUSED_VARIABLE = YES;
				IPHONEOS_DEPLOYMENT_TARGET = 8.0;
				METAL_ENABLE_DEBUG_INFO = NO;
				SDKROOT = iphoneos;
				TARGETED_DEVICE_FAMILY = "1,2";
				VALIDATE_PRODUCT = YES;
			};
			name = Release;
		};
		DAD4FFE619554C9600A29B9D /* Debug */ = {
			isa = XCBuildConfiguration;
			buildSettings = {
				ASSETCATALOG_COMPILER_APPICON_NAME = AppIcon;
				ASSETCATALOG_COMPILER_LAUNCHIMAGE_NAME = LaunchImage;
				INFOPLIST_FILE = "BNRHypnosister-Swift/Info.plist";
				LD_RUNPATH_SEARCH_PATHS = "$(inherited) @executable_path/Frameworks";
				PRODUCT_NAME = "$(TARGET_NAME)";
			};
			name = Debug;
		};
		DAD4FFE719554C9600A29B9D /* Release */ = {
			isa = XCBuildConfiguration;
			buildSettings = {
				ASSETCATALOG_COMPILER_APPICON_NAME = AppIcon;
				ASSETCATALOG_COMPILER_LAUNCHIMAGE_NAME = LaunchImage;
				INFOPLIST_FILE = "BNRHypnosister-Swift/Info.plist";
				LD_RUNPATH_SEARCH_PATHS = "$(inherited) @executable_path/Frameworks";
				PRODUCT_NAME = "$(TARGET_NAME)";
			};
			name = Release;
		};
		DAD4FFE919554C9600A29B9D /* Debug */ = {
			isa = XCBuildConfiguration;
			buildSettings = {
				BUNDLE_LOADER = "$(BUILT_PRODUCTS_DIR)/BNRHypnosister-Swift.app/BNRHypnosister-Swift";
				FRAMEWORK_SEARCH_PATHS = (
					"$(SDKROOT)/Developer/Library/Frameworks",
					"$(inherited)",
				);
				GCC_PREPROCESSOR_DEFINITIONS = (
					"DEBUG=1",
					"$(inherited)",
				);
				INFOPLIST_FILE = "BNRHypnosister-SwiftTests/Info.plist";
				LD_RUNPATH_SEARCH_PATHS = "$(inherited) @executable_path/Frameworks @loader_path/Frameworks";
				METAL_ENABLE_DEBUG_INFO = YES;
				PRODUCT_NAME = "$(TARGET_NAME)";
				TEST_HOST = "$(BUNDLE_LOADER)";
			};
			name = Debug;
		};
		DAD4FFEA19554C9600A29B9D /* Release */ = {
			isa = XCBuildConfiguration;
			buildSettings = {
				BUNDLE_LOADER = "$(BUILT_PRODUCTS_DIR)/BNRHypnosister-Swift.app/BNRHypnosister-Swift";
				FRAMEWORK_SEARCH_PATHS = (
					"$(SDKROOT)/Developer/Library/Frameworks",
					"$(inherited)",
				);
				INFOPLIST_FILE = "BNRHypnosister-SwiftTests/Info.plist";
				LD_RUNPATH_SEARCH_PATHS = "$(inherited) @executable_path/Frameworks @loader_path/Frameworks";
				METAL_ENABLE_DEBUG_INFO = NO;
				PRODUCT_NAME = "$(TARGET_NAME)";
				TEST_HOST = "$(BUNDLE_LOADER)";
			};
			name = Release;
		};
/* End XCBuildConfiguration section */

/* Begin XCConfigurationList section */
		DAD4FFC919554C9600A29B9D /* Build configuration list for PBXProject "BNRHypnosister-Swift" */ = {
			isa = XCConfigurationList;
			buildConfigurations = (
				DAD4FFE319554C9600A29B9D /* Debug */,
				DAD4FFE419554C9600A29B9D /* Release */,
			);
			defaultConfigurationIsVisible = 0;
			defaultConfigurationName = Release;
		};
		DAD4FFE519554C9600A29B9D /* Build configuration list for PBXNativeTarget "BNRHypnosister-Swift" */ = {
			isa = XCConfigurationList;
			buildConfigurations = (
				DAD4FFE619554C9600A29B9D /* Debug */,
				DAD4FFE719554C9600A29B9D /* Release */,
			);
			defaultConfigurationIsVisible = 0;
		};
		DAD4FFE819554C9600A29B9D /* Build configuration list for PBXNativeTarget "BNRHypnosister-SwiftTests" */ = {
			isa = XCConfigurationList;
			buildConfigurations = (
				DAD4FFE919554C9600A29B9D /* Debug */,
				DAD4FFEA19554C9600A29B9D /* Release */,
			);
			defaultConfigurationIsVisible = 0;
		};
/* End XCConfigurationList section */
	};
	rootObject = DAD4FFC619554C9600A29B9D /* Project object */;
}
